
{
  "name": "vue3_crypto",
  "version": "0.1.0",
  "lockfileVersion": 2,
  "requires": true,
  "packages": {
    "": {
      "name": "vue3_crypto",
      "version": "0.1.0",
      "dependencies": {
        "@popperjs/core": "^2.11.6",
        "aos": "^2.3.4",
        "axios": "^0.27.2",
        "bootstrap": "^5.2.1",
        "bootstrap-icons": "^1.9.1",
        "core-js": "^3.8.3",
        "klinecharts": "^8.6.2",
        "mitt": "^3.0.0",
        "pinia": "^2.0.22",
        "vue": "^3.2.13",
        "vue-axios": "^3.4.1",
        "vue-loading-overlay": "^5.0.3",
        "vue-router": "^4.0.3"
      },
      "devDependencies": {
        "@babel/core": "^7.12.16",
        "@babel/eslint-parser": "^7.12.16",
        "@vue/cli-plugin-babel": "~5.0.0",
        "@vue/cli-plugin-eslint": "~5.0.0",
        "@vue/cli-plugin-router": "~5.0.0",
        "@vue/cli-service": "~5.0.0",
        "@vue/eslint-config-standard": "^6.1.0",
        "eslint": "^7.32.0",
        "eslint-plugin-import": "^2.25.3",
        "eslint-plugin-node": "^11.1.0",
        "eslint-plugin-promise": "^5.1.0",
        "eslint-plugin-vue": "^8.0.3",
        "sass": "^1.32.7",
        "sass-loader": "^12.0.0"
      }
    },
    "node_modules/@achrinza/node-ipc": {
      "version": "9.2.5",
      "resolved": "https://registry.npmjs.org/@achrinza/node-ipc/-/node-ipc-9.2.5.tgz",
      "integrity": "sha512-kBX7Ay911iXZ3VZ1pYltj3Rfu7Ow9H7sK4H4RSfWIfWR2JKNB40K808wppoRIEzE2j2hXLU+r6TJgCAliCGhyQ==",
      "dev": true,
      "dependencies": {
        "@node-ipc/js-queue": "2.0.3",
        "event-pubsub": "4.3.0",
        "js-message": "1.0.7"
      },
      "engines": {
        "node": "8 || 9 || 10 || 11 || 12 || 13 || 14 || 15 || 16 || 17 || 18"
      }
    },
    "node_modules/@ampproject/remapping": {
      "version": "2.2.0",
      "resolved": "https://registry.npmjs.org/@ampproject/remapping/-/remapping-2.2.0.tgz",
      "integrity": "sha512-qRmjj8nj9qmLTQXXmaR1cck3UXSRMPrbsLJAasZpF+t3riI71BXed5ebIOYwQntykeZuhjsdweEc9BxH5Jc26w==",
      "dev": true,
      "dependencies": {
        "@jridgewell/gen-mapping": "^0.1.0",
        "@jridgewell/trace-mapping": "^0.3.9"
      },
      "engines": {
        "node": ">=6.0.0"
      }
    },
    "node_modules/@babel/code-frame": {
      "version": "7.18.6",
      "resolved": "https://registry.npmjs.org/@babel/code-frame/-/code-frame-7.18.6.tgz",
      "integrity": "sha512-TDCmlK5eOvH+eH7cdAFlNXeVJqWIQ7gW9tY1GJIpUtFb6CmjVyq2VM3u71bOyR8CRihcCgMUYoDNyLXao3+70Q==",
      "dev": true,
      "dependencies": {
        "@babel/highlight": "^7.18.6"
      },
      "engines": {
        "node": ">=6.9.0"
      }
    },
    "node_modules/@babel/compat-data": {
      "version": "7.19.1",
      "resolved": "https://registry.npmjs.org/@babel/compat-data/-/compat-data-7.19.1.tgz",
      "integrity": "sha512-72a9ghR0gnESIa7jBN53U32FOVCEoztyIlKaNoU05zRhEecduGK9L9c3ww7Mp06JiR+0ls0GBPFJQwwtjn9ksg==",
      "dev": true,
      "engines": {
        "node": ">=6.9.0"
      }
    },
    "node_modules/@babel/core": {
      "version": "7.19.1",
      "resolved": "https://registry.npmjs.org/@babel/core/-/core-7.19.1.tgz",
      "integrity": "sha512-1H8VgqXme4UXCRv7/Wa1bq7RVymKOzC7znjyFM8KiEzwFqcKUKYNoQef4GhdklgNvoBXyW4gYhuBNCM5o1zImw==",
      "dev": true,
      "dependencies": {
        "@ampproject/remapping": "^2.1.0",
        "@babel/code-frame": "^7.18.6",
        "@babel/generator": "^7.19.0",
        "@babel/helper-compilation-targets": "^7.19.1",
        "@babel/helper-module-transforms": "^7.19.0",
        "@babel/helpers": "^7.19.0",
        "@babel/parser": "^7.19.1",
        "@babel/template": "^7.18.10",
        "@babel/traverse": "^7.19.1",
        "@babel/types": "^7.19.0",
        "convert-source-map": "^1.7.0",
        "debug": "^4.1.0",
        "gensync": "^1.0.0-beta.2",
        "json5": "^2.2.1",
        "semver": "^6.3.0"
      },
      "engines": {
        "node": ">=6.9.0"
      },
      "funding": {
        "type": "opencollective",
        "url": "https://opencollective.com/babel"
      }
    },
    "node_modules/@babel/eslint-parser": {
      "version": "7.19.1",
      "resolved": "https://registry.npmjs.org/@babel/eslint-parser/-/eslint-parser-7.19.1.tgz",
      "integrity": "sha512-AqNf2QWt1rtu2/1rLswy6CDP7H9Oh3mMhk177Y67Rg8d7RD9WfOLLv8CGn6tisFvS2htm86yIe1yLF6I1UDaGQ==",
      "dev": true,
      "dependencies": {
        "@nicolo-ribaudo/eslint-scope-5-internals": "5.1.1-v1",
        "eslint-visitor-keys": "^2.1.0",
        "semver": "^6.3.0"
      },
      "engines": {
        "node": "^10.13.0 || ^12.13.0 || >=14.0.0"
      },
      "peerDependencies": {
        "@babel/core": ">=7.11.0",
        "eslint": "^7.5.0 || ^8.0.0"
      }
    },
    "node_modules/@babel/generator": {
      "version": "7.19.0",
      "resolved": "https://registry.npmjs.org/@babel/generator/-/generator-7.19.0.tgz",
      "integrity": "sha512-S1ahxf1gZ2dpoiFgA+ohK9DIpz50bJ0CWs7Zlzb54Z4sG8qmdIrGrVqmy1sAtTVRb+9CU6U8VqT9L0Zj7hxHVg==",
      "dev": true,
      "dependencies": {
        "@babel/types": "^7.19.0",
        "@jridgewell/gen-mapping": "^0.3.2",
        "jsesc": "^2.5.1"
      },
      "engines": {
        "node": ">=6.9.0"
      }
    },
    "node_modules/@babel/generator/node_modules/@jridgewell/gen-mapping": {
      "version": "0.3.2",
      "resolved": "https://registry.npmjs.org/@jridgewell/gen-mapping/-/gen-mapping-0.3.2.tgz",
      "integrity": "sha512-mh65xKQAzI6iBcFzwv28KVWSmCkdRBWoOh+bYQGW3+6OZvbbN3TqMGo5hqYxQniRcH9F2VZIoJCm4pa3BPDK/A==",
      "dev": true,
      "dependencies": {
        "@jridgewell/set-array": "^1.0.1",
        "@jridgewell/sourcemap-codec": "^1.4.10",
        "@jridgewell/trace-mapping": "^0.3.9"
      },
      "engines": {
        "node": ">=6.0.0"
      }
    },
    "node_modules/@babel/helper-annotate-as-pure": {
      "version": "7.18.6",
      "resolved": "https://registry.npmjs.org/@babel/helper-annotate-as-pure/-/helper-annotate-as-pure-7.18.6.tgz",
      "integrity": "sha512-duORpUiYrEpzKIop6iNbjnwKLAKnJ47csTyRACyEmWj0QdUrm5aqNJGHSSEQSUAvNW0ojX0dOmK9dZduvkfeXA==",
      "dev": true,
      "dependencies": {
        "@babel/types": "^7.18.6"
      },
      "engines": {
        "node": ">=6.9.0"
      }
    },
    "node_modules/@babel/helper-builder-binary-assignment-operator-visitor": {
      "version": "7.18.9",
      "resolved": "https://registry.npmjs.org/@babel/helper-builder-binary-assignment-operator-visitor/-/helper-builder-binary-assignment-operator-visitor-7.18.9.tgz",
      "integrity": "sha512-yFQ0YCHoIqarl8BCRwBL8ulYUaZpz3bNsA7oFepAzee+8/+ImtADXNOmO5vJvsPff3qi+hvpkY/NYBTrBQgdNw==",
      "dev": true,
      "dependencies": {
        "@babel/helper-explode-assignable-expression": "^7.18.6",
        "@babel/types": "^7.18.9"
      },
      "engines": {
        "node": ">=6.9.0"
      }
    },
    "node_modules/@babel/helper-compilation-targets": {
      "version": "7.19.1",
      "resolved": "https://registry.npmjs.org/@babel/helper-compilation-targets/-/helper-compilation-targets-7.19.1.tgz",
      "integrity": "sha512-LlLkkqhCMyz2lkQPvJNdIYU7O5YjWRgC2R4omjCTpZd8u8KMQzZvX4qce+/BluN1rcQiV7BoGUpmQ0LeHerbhg==",
      "dev": true,
      "dependencies": {
        "@babel/compat-data": "^7.19.1",
        "@babel/helper-validator-option": "^7.18.6",
        "browserslist": "^4.21.3",
        "semver": "^6.3.0"
      },
      "engines": {
        "node": ">=6.9.0"
      },
      "peerDependencies": {
        "@babel/core": "^7.0.0"
      }
    },
    "node_modules/@babel/helper-create-class-features-plugin": {
      "version": "7.19.0",
      "resolved": "https://registry.npmjs.org/@babel/helper-create-class-features-plugin/-/helper-create-class-features-plugin-7.19.0.tgz",
      "integrity": "sha512-NRz8DwF4jT3UfrmUoZjd0Uph9HQnP30t7Ash+weACcyNkiYTywpIjDBgReJMKgr+n86sn2nPVVmJ28Dm053Kqw==",
      "dev": true,
      "dependencies": {
        "@babel/helper-annotate-as-pure": "^7.18.6",
        "@babel/helper-environment-visitor": "^7.18.9",
        "@babel/helper-function-name": "^7.19.0",
        "@babel/helper-member-expression-to-functions": "^7.18.9",
        "@babel/helper-optimise-call-expression": "^7.18.6",
        "@babel/helper-replace-supers": "^7.18.9",
        "@babel/helper-split-export-declaration": "^7.18.6"
      },
      "engines": {
        "node": ">=6.9.0"
      },
      "peerDependencies": {
        "@babel/core": "^7.0.0"
      }
    },
    "node_modules/@babel/helper-create-regexp-features-plugin": {
      "version": "7.19.0",
      "resolved": "https://registry.npmjs.org/@babel/helper-create-regexp-features-plugin/-/helper-create-regexp-features-plugin-7.19.0.tgz",
      "integrity": "sha512-htnV+mHX32DF81amCDrwIDr8nrp1PTm+3wfBN9/v8QJOLEioOCOG7qNyq0nHeFiWbT3Eb7gsPwEmV64UCQ1jzw==",
      "dev": true,
      "dependencies": {
        "@babel/helper-annotate-as-pure": "^7.18.6",
        "regexpu-core": "^5.1.0"
      },
      "engines": {
        "node": ">=6.9.0"
      },
      "peerDependencies": {
        "@babel/core": "^7.0.0"
      }
    },
    "node_modules/@babel/helper-define-polyfill-provider": {
      "version": "0.3.3",
      "resolved": "https://registry.npmjs.org/@babel/helper-define-polyfill-provider/-/helper-define-polyfill-provider-0.3.3.tgz",
      "integrity": "sha512-z5aQKU4IzbqCC1XH0nAqfsFLMVSo22SBKUc0BxGrLkolTdPTructy0ToNnlO2zA4j9Q/7pjMZf0DSY+DSTYzww==",
      "dev": true,
      "dependencies": {
        "@babel/helper-compilation-targets": "^7.17.7",
        "@babel/helper-plugin-utils": "^7.16.7",
        "debug": "^4.1.1",